
Microsoft Visual Studio Solution File, Format Version 12.00
# Visual Studio Version 17
VisualStudioVersion = 17.13.35825.156 d17.13
MinimumVisualStudioVersion = 10.0.40219.1
Project("{FAE04EC0-301F-11D3-BF4B-00C04F79EFBC}") = "LikeLion27", "LikeLion27\LikeLion27.csproj", "{C80ED259-4FB9-4AAC-88D6-2F9DA5856AF3}"
EndProject
Global
	GlobalSection(SolutionConfigurationPlatforms) = preSolution
		Debug|Any CPU = Debug|Any CPU
		Release|Any CPU = Release|Any CPU
	EndGlobalSection
	GlobalSection(ProjectConfigurationPlatforms) = postSolution
		{C80ED259-4FB9-4AAC-88D6-2F9DA5856AF3}.Debug|Any CPU.ActiveCfg = Debug|Any CPU
		{C80ED259-4FB9-4AAC-88D6-2F9DA5856AF3}.Debug|Any CPU.Build.0 = Debug|Any CPU
		{C80ED259-4FB9-4AAC-88D6-2F9DA5856AF3}.Release|Any CPU.ActiveCfg = Release|Any CPU
		{C80ED259-4FB9-4AAC-88D6-2F9DA5856AF3}.Release|Any CPU.Build.0 = Release|Any CPU
	EndGlobalSection
	GlobalSection(SolutionProperties) = preSolution
		HideSolutionNode = FALSE
	EndGlobalSection
	GlobalSection(ExtensibilityGlobals) = postSolution
		SolutionGuid = {F9E854ED-5A96-4E1A-B234-50C57B134ADD}
	EndGlobalSection
EndGlobal
