
Microsoft Visual Studio Solution File, Format Version 12.00
# Visual Studio Version 17
VisualStudioVersion = 17.11.35327.3
MinimumVisualStudioVersion = 10.0.40219.1
Project("{FAE04EC0-301F-11D3-BF4B-00C04F79EFBC}") = "LikeLion3", "LikeLion3\LikeLion3.csproj", "{51FC2EC8-ADF9-4A00-990F-341679264211}"
EndProject
Global
	GlobalSection(SolutionConfigurationPlatforms) = preSolution
		Debug|Any CPU = Debug|Any CPU
		Release|Any CPU = Release|Any CPU
	EndGlobalSection
	GlobalSection(ProjectConfigurationPlatforms) = postSolution
		{51FC2EC8-ADF9-4A00-990F-341679264211}.Debug|Any CPU.ActiveCfg = Debug|Any CPU
		{51FC2EC8-ADF9-4A00-990F-341679264211}.Debug|Any CPU.Build.0 = Debug|Any CPU
		{51FC2EC8-ADF9-4A00-990F-341679264211}.Release|Any CPU.ActiveCfg = Release|Any CPU
		{51FC2EC8-ADF9-4A00-990F-341679264211}.Release|Any CPU.Build.0 = Release|Any CPU
	EndGlobalSection
	GlobalSection(SolutionProperties) = preSolution
		HideSolutionNode = FALSE
	EndGlobalSection
	GlobalSection(ExtensibilityGlobals) = postSolution
		SolutionGuid = {FFF2521B-A712-49DD-8CFF-A6AD7FE57EB5}
	EndGlobalSection
EndGlobal
