
Microsoft Visual Studio Solution File, Format Version 12.00
# Visual Studio Version 17
VisualStudioVersion = 17.11.35327.3
MinimumVisualStudioVersion = 10.0.40219.1
Project("{FAE04EC0-301F-11D3-BF4B-00C04F79EFBC}") = "Loading", "Loading\Loading.csproj", "{772BE601-591A-4C76-BF5B-37BC109C9BAF}"
EndProject
Global
	GlobalSection(SolutionConfigurationPlatforms) = preSolution
		Debug|Any CPU = Debug|Any CPU
		Release|Any CPU = Release|Any CPU
	EndGlobalSection
	GlobalSection(ProjectConfigurationPlatforms) = postSolution
		{772BE601-591A-4C76-BF5B-37BC109C9BAF}.Debug|Any CPU.ActiveCfg = Debug|Any CPU
		{772BE601-591A-4C76-BF5B-37BC109C9BAF}.Debug|Any CPU.Build.0 = Debug|Any CPU
		{772BE601-591A-4C76-BF5B-37BC109C9BAF}.Release|Any CPU.ActiveCfg = Release|Any CPU
		{772BE601-591A-4C76-BF5B-37BC109C9BAF}.Release|Any CPU.Build.0 = Release|Any CPU
	EndGlobalSection
	GlobalSection(SolutionProperties) = preSolution
		HideSolutionNode = FALSE
	EndGlobalSection
	GlobalSection(ExtensibilityGlobals) = postSolution
		SolutionGuid = {658BC5C7-004D-429A-BA53-D969DF58BD68}
	EndGlobalSection
EndGlobal
