
Microsoft Visual Studio Solution File, Format Version 12.00
# Visual Studio Version 17
VisualStudioVersion = 17.13.35825.156 d17.13
MinimumVisualStudioVersion = 10.0.40219.1
Project("{FAE04EC0-301F-11D3-BF4B-00C04F79EFBC}") = "LikeLion22", "LikeLion22\LikeLion22.csproj", "{3D7ECA90-C298-4B2A-8458-531636F16B5E}"
EndProject
Global
	GlobalSection(SolutionConfigurationPlatforms) = preSolution
		Debug|Any CPU = Debug|Any CPU
		Release|Any CPU = Release|Any CPU
	EndGlobalSection
	GlobalSection(ProjectConfigurationPlatforms) = postSolution
		{3D7ECA90-C298-4B2A-8458-531636F16B5E}.Debug|Any CPU.ActiveCfg = Debug|Any CPU
		{3D7ECA90-C298-4B2A-8458-531636F16B5E}.Debug|Any CPU.Build.0 = Debug|Any CPU
		{3D7ECA90-C298-4B2A-8458-531636F16B5E}.Release|Any CPU.ActiveCfg = Release|Any CPU
		{3D7ECA90-C298-4B2A-8458-531636F16B5E}.Release|Any CPU.Build.0 = Release|Any CPU
	EndGlobalSection
	GlobalSection(SolutionProperties) = preSolution
		HideSolutionNode = FALSE
	EndGlobalSection
	GlobalSection(ExtensibilityGlobals) = postSolution
		SolutionGuid = {F24FA599-6CAB-4121-B745-011E6951D957}
	EndGlobalSection
EndGlobal
