
Microsoft Visual Studio Solution File, Format Version 12.00
# Visual Studio Version 17
VisualStudioVersion = 17.13.35825.156 d17.13
MinimumVisualStudioVersion = 10.0.40219.1
Project("{FAE04EC0-301F-11D3-BF4B-00C04F79EFBC}") = "LikeLion21", "LikeLion21\LikeLion21.csproj", "{56FA5597-48FB-4359-B5E5-5F83759BF226}"
EndProject
Global
	GlobalSection(SolutionConfigurationPlatforms) = preSolution
		Debug|Any CPU = Debug|Any CPU
		Release|Any CPU = Release|Any CPU
	EndGlobalSection
	GlobalSection(ProjectConfigurationPlatforms) = postSolution
		{56FA5597-48FB-4359-B5E5-5F83759BF226}.Debug|Any CPU.ActiveCfg = Debug|Any CPU
		{56FA5597-48FB-4359-B5E5-5F83759BF226}.Debug|Any CPU.Build.0 = Debug|Any CPU
		{56FA5597-48FB-4359-B5E5-5F83759BF226}.Release|Any CPU.ActiveCfg = Release|Any CPU
		{56FA5597-48FB-4359-B5E5-5F83759BF226}.Release|Any CPU.Build.0 = Release|Any CPU
	EndGlobalSection
	GlobalSection(SolutionProperties) = preSolution
		HideSolutionNode = FALSE
	EndGlobalSection
	GlobalSection(ExtensibilityGlobals) = postSolution
		SolutionGuid = {A38E9F39-C681-4D52-824C-301E9CEB6F00}
	EndGlobalSection
EndGlobal
