
Microsoft Visual Studio Solution File, Format Version 12.00
# Visual Studio Version 17
VisualStudioVersion = 17.13.35825.156 d17.13
MinimumVisualStudioVersion = 10.0.40219.1
Project("{FAE04EC0-301F-11D3-BF4B-00C04F79EFBC}") = "LikeLion25", "LikeLion25\LikeLion25.csproj", "{256A91BB-B1CD-4C45-AC96-931A166154A7}"
EndProject
Global
	GlobalSection(SolutionConfigurationPlatforms) = preSolution
		Debug|Any CPU = Debug|Any CPU
		Release|Any CPU = Release|Any CPU
	EndGlobalSection
	GlobalSection(ProjectConfigurationPlatforms) = postSolution
		{256A91BB-B1CD-4C45-AC96-931A166154A7}.Debug|Any CPU.ActiveCfg = Debug|Any CPU
		{256A91BB-B1CD-4C45-AC96-931A166154A7}.Debug|Any CPU.Build.0 = Debug|Any CPU
		{256A91BB-B1CD-4C45-AC96-931A166154A7}.Release|Any CPU.ActiveCfg = Release|Any CPU
		{256A91BB-B1CD-4C45-AC96-931A166154A7}.Release|Any CPU.Build.0 = Release|Any CPU
	EndGlobalSection
	GlobalSection(SolutionProperties) = preSolution
		HideSolutionNode = FALSE
	EndGlobalSection
	GlobalSection(ExtensibilityGlobals) = postSolution
		SolutionGuid = {2D1EB35C-F6BC-4EBF-896A-FC5264ACE89D}
	EndGlobalSection
EndGlobal
