
Microsoft Visual Studio Solution File, Format Version 12.00
# Visual Studio Version 17
VisualStudioVersion = 17.13.35825.156 d17.13
MinimumVisualStudioVersion = 10.0.40219.1
Project("{FAE04EC0-301F-11D3-BF4B-00C04F79EFBC}") = "LikeLion33", "LikeLion33\LikeLion33.csproj", "{2BCD6FA3-F0D5-4A9B-AF10-9D5741A2A823}"
EndProject
Global
	GlobalSection(SolutionConfigurationPlatforms) = preSolution
		Debug|Any CPU = Debug|Any CPU
		Release|Any CPU = Release|Any CPU
	EndGlobalSection
	GlobalSection(ProjectConfigurationPlatforms) = postSolution
		{2BCD6FA3-F0D5-4A9B-AF10-9D5741A2A823}.Debug|Any CPU.ActiveCfg = Debug|Any CPU
		{2BCD6FA3-F0D5-4A9B-AF10-9D5741A2A823}.Debug|Any CPU.Build.0 = Debug|Any CPU
		{2BCD6FA3-F0D5-4A9B-AF10-9D5741A2A823}.Release|Any CPU.ActiveCfg = Release|Any CPU
		{2BCD6FA3-F0D5-4A9B-AF10-9D5741A2A823}.Release|Any CPU.Build.0 = Release|Any CPU
	EndGlobalSection
	GlobalSection(SolutionProperties) = preSolution
		HideSolutionNode = FALSE
	EndGlobalSection
	GlobalSection(ExtensibilityGlobals) = postSolution
		SolutionGuid = {126246F4-229F-4FAC-BA2C-7F0DBD036044}
	EndGlobalSection
EndGlobal
