
Microsoft Visual Studio Solution File, Format Version 12.00
# Visual Studio Version 17
VisualStudioVersion = 17.11.35327.3
MinimumVisualStudioVersion = 10.0.40219.1
Project("{FAE04EC0-301F-11D3-BF4B-00C04F79EFBC}") = "LikeLion18", "LikeLion18\LikeLion18.csproj", "{868B0FDC-AA13-45D9-AB64-28E05E4E9D63}"
EndProject
Global
	GlobalSection(SolutionConfigurationPlatforms) = preSolution
		Debug|Any CPU = Debug|Any CPU
		Release|Any CPU = Release|Any CPU
	EndGlobalSection
	GlobalSection(ProjectConfigurationPlatforms) = postSolution
		{868B0FDC-AA13-45D9-AB64-28E05E4E9D63}.Debug|Any CPU.ActiveCfg = Debug|Any CPU
		{868B0FDC-AA13-45D9-AB64-28E05E4E9D63}.Debug|Any CPU.Build.0 = Debug|Any CPU
		{868B0FDC-AA13-45D9-AB64-28E05E4E9D63}.Release|Any CPU.ActiveCfg = Release|Any CPU
		{868B0FDC-AA13-45D9-AB64-28E05E4E9D63}.Release|Any CPU.Build.0 = Release|Any CPU
	EndGlobalSection
	GlobalSection(SolutionProperties) = preSolution
		HideSolutionNode = FALSE
	EndGlobalSection
	GlobalSection(ExtensibilityGlobals) = postSolution
		SolutionGuid = {9556ED54-CCA5-4FA7-B7DC-0F40B8E6D678}
	EndGlobalSection
EndGlobal
