
Microsoft Visual Studio Solution File, Format Version 12.00
# Visual Studio Version 17
VisualStudioVersion = 17.13.35825.156 d17.13
MinimumVisualStudioVersion = 10.0.40219.1
Project("{FAE04EC0-301F-11D3-BF4B-00C04F79EFBC}") = "LikeLion31", "LikeLion31\LikeLion31.csproj", "{A35164E7-7EFE-48AB-B77B-128552987440}"
EndProject
Global
	GlobalSection(SolutionConfigurationPlatforms) = preSolution
		Debug|Any CPU = Debug|Any CPU
		Release|Any CPU = Release|Any CPU
	EndGlobalSection
	GlobalSection(ProjectConfigurationPlatforms) = postSolution
		{A35164E7-7EFE-48AB-B77B-128552987440}.Debug|Any CPU.ActiveCfg = Debug|Any CPU
		{A35164E7-7EFE-48AB-B77B-128552987440}.Debug|Any CPU.Build.0 = Debug|Any CPU
		{A35164E7-7EFE-48AB-B77B-128552987440}.Release|Any CPU.ActiveCfg = Release|Any CPU
		{A35164E7-7EFE-48AB-B77B-128552987440}.Release|Any CPU.Build.0 = Release|Any CPU
	EndGlobalSection
	GlobalSection(SolutionProperties) = preSolution
		HideSolutionNode = FALSE
	EndGlobalSection
	GlobalSection(ExtensibilityGlobals) = postSolution
		SolutionGuid = {279CCE22-5F5D-481A-BC8A-83C2C01E900D}
	EndGlobalSection
EndGlobal
