
Microsoft Visual Studio Solution File, Format Version 12.00
# Visual Studio Version 17
VisualStudioVersion = 17.13.35825.156 d17.13
MinimumVisualStudioVersion = 10.0.40219.1
Project("{FAE04EC0-301F-11D3-BF4B-00C04F79EFBC}") = "LikeLion35", "LikeLion35\LikeLion35.csproj", "{6EE0FCEB-31DD-41DD-B3BE-0BE8C56A8C2F}"
EndProject
Global
	GlobalSection(SolutionConfigurationPlatforms) = preSolution
		Debug|Any CPU = Debug|Any CPU
		Release|Any CPU = Release|Any CPU
	EndGlobalSection
	GlobalSection(ProjectConfigurationPlatforms) = postSolution
		{6EE0FCEB-31DD-41DD-B3BE-0BE8C56A8C2F}.Debug|Any CPU.ActiveCfg = Debug|Any CPU
		{6EE0FCEB-31DD-41DD-B3BE-0BE8C56A8C2F}.Debug|Any CPU.Build.0 = Debug|Any CPU
		{6EE0FCEB-31DD-41DD-B3BE-0BE8C56A8C2F}.Release|Any CPU.ActiveCfg = Release|Any CPU
		{6EE0FCEB-31DD-41DD-B3BE-0BE8C56A8C2F}.Release|Any CPU.Build.0 = Release|Any CPU
	EndGlobalSection
	GlobalSection(SolutionProperties) = preSolution
		HideSolutionNode = FALSE
	EndGlobalSection
	GlobalSection(ExtensibilityGlobals) = postSolution
		SolutionGuid = {A348CD91-1701-4BED-BE04-C1BCFF135F79}
	EndGlobalSection
EndGlobal
