
Microsoft Visual Studio Solution File, Format Version 12.00
# Visual Studio Version 17
VisualStudioVersion = 17.13.35825.156 d17.13
MinimumVisualStudioVersion = 10.0.40219.1
Project("{FAE04EC0-301F-11D3-BF4B-00C04F79EFBC}") = "Test2", "Test2\Test2.csproj", "{22CF09E8-4E37-46E8-B17F-42F21B9CBE31}"
EndProject
Global
	GlobalSection(SolutionConfigurationPlatforms) = preSolution
		Debug|Any CPU = Debug|Any CPU
		Release|Any CPU = Release|Any CPU
	EndGlobalSection
	GlobalSection(ProjectConfigurationPlatforms) = postSolution
		{22CF09E8-4E37-46E8-B17F-42F21B9CBE31}.Debug|Any CPU.ActiveCfg = Debug|Any CPU
		{22CF09E8-4E37-46E8-B17F-42F21B9CBE31}.Debug|Any CPU.Build.0 = Debug|Any CPU
		{22CF09E8-4E37-46E8-B17F-42F21B9CBE31}.Release|Any CPU.ActiveCfg = Release|Any CPU
		{22CF09E8-4E37-46E8-B17F-42F21B9CBE31}.Release|Any CPU.Build.0 = Release|Any CPU
	EndGlobalSection
	GlobalSection(SolutionProperties) = preSolution
		HideSolutionNode = FALSE
	EndGlobalSection
	GlobalSection(ExtensibilityGlobals) = postSolution
		SolutionGuid = {00788CBA-D9C3-4062-93F3-93981B7267D6}
	EndGlobalSection
EndGlobal
