
Microsoft Visual Studio Solution File, Format Version 12.00
# Visual Studio Version 17
VisualStudioVersion = 17.13.35825.156 d17.13
MinimumVisualStudioVersion = 10.0.40219.1
Project("{FAE04EC0-301F-11D3-BF4B-00C04F79EFBC}") = "Interface", "Interface\Interface.csproj", "{860382D0-D1A3-41C2-85D7-3B19A8310438}"
EndProject
Global
	GlobalSection(SolutionConfigurationPlatforms) = preSolution
		Debug|Any CPU = Debug|Any CPU
		Release|Any CPU = Release|Any CPU
	EndGlobalSection
	GlobalSection(ProjectConfigurationPlatforms) = postSolution
		{860382D0-D1A3-41C2-85D7-3B19A8310438}.Debug|Any CPU.ActiveCfg = Debug|Any CPU
		{860382D0-D1A3-41C2-85D7-3B19A8310438}.Debug|Any CPU.Build.0 = Debug|Any CPU
		{860382D0-D1A3-41C2-85D7-3B19A8310438}.Release|Any CPU.ActiveCfg = Release|Any CPU
		{860382D0-D1A3-41C2-85D7-3B19A8310438}.Release|Any CPU.Build.0 = Release|Any CPU
	EndGlobalSection
	GlobalSection(SolutionProperties) = preSolution
		HideSolutionNode = FALSE
	EndGlobalSection
	GlobalSection(ExtensibilityGlobals) = postSolution
		SolutionGuid = {21EEEBF1-AA1F-4A01-B896-A153BCA30950}
	EndGlobalSection
EndGlobal
