
Microsoft Visual Studio Solution File, Format Version 12.00
# Visual Studio Version 17
VisualStudioVersion = 17.11.35327.3
MinimumVisualStudioVersion = 10.0.40219.1
Project("{FAE04EC0-301F-11D3-BF4B-00C04F79EFBC}") = "LikeLion20", "LikeLion20\LikeLion20.csproj", "{4A71C4EF-5CE3-4C01-8922-C7A2A9A727E7}"
EndProject
Global
	GlobalSection(SolutionConfigurationPlatforms) = preSolution
		Debug|Any CPU = Debug|Any CPU
		Release|Any CPU = Release|Any CPU
	EndGlobalSection
	GlobalSection(ProjectConfigurationPlatforms) = postSolution
		{4A71C4EF-5CE3-4C01-8922-C7A2A9A727E7}.Debug|Any CPU.ActiveCfg = Debug|Any CPU
		{4A71C4EF-5CE3-4C01-8922-C7A2A9A727E7}.Debug|Any CPU.Build.0 = Debug|Any CPU
		{4A71C4EF-5CE3-4C01-8922-C7A2A9A727E7}.Release|Any CPU.ActiveCfg = Release|Any CPU
		{4A71C4EF-5CE3-4C01-8922-C7A2A9A727E7}.Release|Any CPU.Build.0 = Release|Any CPU
	EndGlobalSection
	GlobalSection(SolutionProperties) = preSolution
		HideSolutionNode = FALSE
	EndGlobalSection
	GlobalSection(ExtensibilityGlobals) = postSolution
		SolutionGuid = {F66E1CF2-2256-4432-9B0A-1751410AF94E}
	EndGlobalSection
EndGlobal
