
Microsoft Visual Studio Solution File, Format Version 12.00
# Visual Studio Version 17
VisualStudioVersion = 17.13.35825.156 d17.13
MinimumVisualStudioVersion = 10.0.40219.1
Project("{FAE04EC0-301F-11D3-BF4B-00C04F79EFBC}") = "LikeLion28", "LikeLion28\LikeLion28.csproj", "{C1325742-A846-47DA-957F-F7F1C2734D55}"
EndProject
Global
	GlobalSection(SolutionConfigurationPlatforms) = preSolution
		Debug|Any CPU = Debug|Any CPU
		Release|Any CPU = Release|Any CPU
	EndGlobalSection
	GlobalSection(ProjectConfigurationPlatforms) = postSolution
		{C1325742-A846-47DA-957F-F7F1C2734D55}.Debug|Any CPU.ActiveCfg = Debug|Any CPU
		{C1325742-A846-47DA-957F-F7F1C2734D55}.Debug|Any CPU.Build.0 = Debug|Any CPU
		{C1325742-A846-47DA-957F-F7F1C2734D55}.Release|Any CPU.ActiveCfg = Release|Any CPU
		{C1325742-A846-47DA-957F-F7F1C2734D55}.Release|Any CPU.Build.0 = Release|Any CPU
	EndGlobalSection
	GlobalSection(SolutionProperties) = preSolution
		HideSolutionNode = FALSE
	EndGlobalSection
	GlobalSection(ExtensibilityGlobals) = postSolution
		SolutionGuid = {C0538F0E-EBFC-4675-93B8-82E90B7BF94D}
	EndGlobalSection
EndGlobal
