
Microsoft Visual Studio Solution File, Format Version 12.00
# Visual Studio Version 17
VisualStudioVersion = 17.11.35327.3
MinimumVisualStudioVersion = 10.0.40219.1
Project("{FAE04EC0-301F-11D3-BF4B-00C04F79EFBC}") = "ShootingGame1", "ShootingGame1\ShootingGame1.csproj", "{59773B00-C40E-45BC-B3FE-09287C3789DF}"
EndProject
Global
	GlobalSection(SolutionConfigurationPlatforms) = preSolution
		Debug|Any CPU = Debug|Any CPU
		Release|Any CPU = Release|Any CPU
	EndGlobalSection
	GlobalSection(ProjectConfigurationPlatforms) = postSolution
		{59773B00-C40E-45BC-B3FE-09287C3789DF}.Debug|Any CPU.ActiveCfg = Debug|Any CPU
		{59773B00-C40E-45BC-B3FE-09287C3789DF}.Debug|Any CPU.Build.0 = Debug|Any CPU
		{59773B00-C40E-45BC-B3FE-09287C3789DF}.Release|Any CPU.ActiveCfg = Release|Any CPU
		{59773B00-C40E-45BC-B3FE-09287C3789DF}.Release|Any CPU.Build.0 = Release|Any CPU
	EndGlobalSection
	GlobalSection(SolutionProperties) = preSolution
		HideSolutionNode = FALSE
	EndGlobalSection
	GlobalSection(ExtensibilityGlobals) = postSolution
		SolutionGuid = {44D49074-0DF4-4B99-BEB6-E98643E4B9BF}
	EndGlobalSection
EndGlobal
